
Microsoft Visual Studio Solution File, Format Version 12.00
# Visual Studio 15
VisualStudioVersion = 15.0.28307.757
MinimumVisualStudioVersion = 10.0.40219.1
Project("{8BC9CEB8-8B4A-11D0-8D11-00A0C91BC942}") = "RobotCalibration_Kinect2", "RobotCalibration_Kinect2\RobotCalibration_Kinect2.vcxproj", "{A630872B-0F8D-4C8C-A880-495435D001A1}"
EndProject
Project("{8BC9CEB8-8B4A-11D0-8D11-00A0C91BC942}") = "RobotCalibration_TY", "RobotCalibration_TY\RobotCalibration_TY.vcxproj", "{FB65E818-032B-4718-A02B-DAD418A9DDB3}"
EndProject
Project("{8BC9CEB8-8B4A-11D0-8D11-00A0C91BC942}") = "robot_control", "robot_control\robot_control.vcxproj", "{E13CFE25-695D-49EE-983A-66E82648B207}"
EndProject
Global
	GlobalSection(SolutionConfigurationPlatforms) = preSolution
		Debug|x64 = Debug|x64
		Debug|x86 = Debug|x86
		Release|x64 = Release|x64
		Release|x86 = Release|x86
	EndGlobalSection
	GlobalSection(ProjectConfigurationPlatforms) = postSolution
		{A630872B-0F8D-4C8C-A880-495435D001A1}.Debug|x64.ActiveCfg = Debug|x64
		{A630872B-0F8D-4C8C-A880-495435D001A1}.Debug|x64.Build.0 = Debug|x64
		{A630872B-0F8D-4C8C-A880-495435D001A1}.Debug|x86.ActiveCfg = Debug|Win32
		{A630872B-0F8D-4C8C-A880-495435D001A1}.Debug|x86.Build.0 = Debug|Win32
		{A630872B-0F8D-4C8C-A880-495435D001A1}.Release|x64.ActiveCfg = Release|x64
		{A630872B-0F8D-4C8C-A880-495435D001A1}.Release|x64.Build.0 = Release|x64
		{A630872B-0F8D-4C8C-A880-495435D001A1}.Release|x86.ActiveCfg = Release|Win32
		{A630872B-0F8D-4C8C-A880-495435D001A1}.Release|x86.Build.0 = Release|Win32
		{FB65E818-032B-4718-A02B-DAD418A9DDB3}.Debug|x64.ActiveCfg = Debug|x64
		{FB65E818-032B-4718-A02B-DAD418A9DDB3}.Debug|x64.Build.0 = Debug|x64
		{FB65E818-032B-4718-A02B-DAD418A9DDB3}.Debug|x86.ActiveCfg = Debug|Win32
		{FB65E818-032B-4718-A02B-DAD418A9DDB3}.Debug|x86.Build.0 = Debug|Win32
		{FB65E818-032B-4718-A02B-DAD418A9DDB3}.Release|x64.ActiveCfg = Release|x64
		{FB65E818-032B-4718-A02B-DAD418A9DDB3}.Release|x64.Build.0 = Release|x64
		{FB65E818-032B-4718-A02B-DAD418A9DDB3}.Release|x86.ActiveCfg = Release|Win32
		{FB65E818-032B-4718-A02B-DAD418A9DDB3}.Release|x86.Build.0 = Release|Win32
		{E13CFE25-695D-49EE-983A-66E82648B207}.Debug|x64.ActiveCfg = Debug|x64
		{E13CFE25-695D-49EE-983A-66E82648B207}.Debug|x64.Build.0 = Debug|x64
		{E13CFE25-695D-49EE-983A-66E82648B207}.Debug|x86.ActiveCfg = Debug|Win32
		{E13CFE25-695D-49EE-983A-66E82648B207}.Debug|x86.Build.0 = Debug|Win32
		{E13CFE25-695D-49EE-983A-66E82648B207}.Release|x64.ActiveCfg = Release|x64
		{E13CFE25-695D-49EE-983A-66E82648B207}.Release|x64.Build.0 = Release|x64
		{E13CFE25-695D-49EE-983A-66E82648B207}.Release|x86.ActiveCfg = Release|Win32
		{E13CFE25-695D-49EE-983A-66E82648B207}.Release|x86.Build.0 = Release|Win32
	EndGlobalSection
	GlobalSection(SolutionProperties) = preSolution
		HideSolutionNode = FALSE
	EndGlobalSection
	GlobalSection(ExtensibilityGlobals) = postSolution
		SolutionGuid = {78B83C31-7B30-4223-9A13-CB20291CEFCD}
	EndGlobalSection
EndGlobal
